{
  "version": 4,
  "terraform_version": "1.0.0",
  "serial": 1,
  "lineage": "74564b8d-0430-d647-3858-b54cdfb4f38f",
  "outputs": {},
  "resources": [
    {
      "mode": "managed",
      "type": "aws_vpc",
      "name": "aws",
      "provider": "provider[\"registry.terraform.io/hashicorp/aws\"]",
      "instances": [
        {
          "schema_version": 1,
          "attributes": {
            "arn": "arn:aws:ec2:us-east-1:225342505700:vpc/vpc-0ae8838fba4cf5e01",
            "assign_generated_ipv6_cidr_block": false,
            "cidr_block": "10.0.0.0/16",
            "default_network_acl_id": "acl-026f78e26c5447477",
            "default_route_table_id": "rtb-0d9dd337840c28ad6",
            "default_security_group_id": "sg-05adfcc228edea56a",
            "dhcp_options_id": "dopt-950e2eef",
            "enable_classiclink": false,
            "enable_classiclink_dns_support": false,
            "enable_dns_hostnames": false,
            "enable_dns_support": true,
            "id": "vpc-0ae8838fba4cf5e01",
            "instance_tenancy": "default",
            "ipv6_association_id": "",
            "ipv6_cidr_block": "",
            "main_route_table_id": "rtb-0d9dd337840c28ad6",
            "owner_id": "225342505700",
            "tags": {
              "Environment": "QA",
              "Name": "demo",
              "Terraformed": "True"
            },
            "tags_all": {
              "Environment": "QA",
              "Name": "demo",
              "Terraformed": "True"
            }
          },
          "sensitive_attributes": [],
          "private": "eyJzY2hlbWFfdmVyc2lvbiI6IjEifQ=="
        }
      ]
    }
  ]
}
